Microsoft Visual Studio Solution File, Format Version 12.00
# Visual Studio 2012
Project("{FAE04EC0-301F-11D3-BF4B-00C04F79EFBC}") = "FactoryDefence", "FactoryDefence.csproj", "{58951D49-6F25-4182-9DE2-34B84BCA77BE}"
EndProject
Global
	GlobalSection(SolutionConfigurationPlatforms) = preSolution
	Debug|Any CPU = Debug|Any CPU
	ExportDebug|Any CPU = ExportDebug|Any CPU
	ExportRelease|Any CPU = ExportRelease|Any CPU
	EndGlobalSection
	GlobalSection(ProjectConfigurationPlatforms) = postSolution
		{58951D49-6F25-4182-9DE2-34B84BCA77BE}.Debug|Any CPU.ActiveCfg = Debug|Any CPU
		{58951D49-6F25-4182-9DE2-34B84BCA77BE}.Debug|Any CPU.Build.0 = Debug|Any CPU
		{58951D49-6F25-4182-9DE2-34B84BCA77BE}.ExportDebug|Any CPU.ActiveCfg = ExportDebug|Any CPU
		{58951D49-6F25-4182-9DE2-34B84BCA77BE}.ExportDebug|Any CPU.Build.0 = ExportDebug|Any CPU
		{58951D49-6F25-4182-9DE2-34B84BCA77BE}.ExportRelease|Any CPU.ActiveCfg = ExportRelease|Any CPU
		{58951D49-6F25-4182-9DE2-34B84BCA77BE}.ExportRelease|Any CPU.Build.0 = ExportRelease|Any CPU
	EndGlobalSection
EndGlobal
